DEPENDENCIES
  apt
    path: cookbooks/apt
  extend
    path: site-cookbooks/extend
  logrotate
    git: https://github.com/stevendanna/logrotate.git
    revision: c8df8488d69c1d0a783a7115933a8c719ccd1798
  nginx
    path: cookbooks/nginx
  wrap-logrotate
    path: site-cookbooks/wrap-logrotate

GRAPH
  apt (2.4.0)
  bluepill (2.3.1)
    rsyslog (>= 0.0.0)
  build-essential (2.0.2)
  extend (0.1.0)
  logrotate (1.5.0)
  nginx (2.7.1)
    apt (~> 2.2)
    bluepill (~> 2.3)
    build-essential (~> 2.0)
    ohai (~> 2.0)
    runit (~> 1.2)
    yum-epel (~> 0.3)
  ohai (2.0.0)
  rsyslog (1.12.2)
  runit (1.5.10)
    build-essential (>= 0.0.0)
    yum (~> 3.0)
    yum-epel (>= 0.0.0)
  wrap-logrotate (0.1.0)
  yum (3.2.0)
  yum-epel (0.3.6)
    yum (~> 3.0)
